langcode: en
status: true
dependencies:
  module:
    - draggable_form
    - user
  theme:
    - olivero
id: draggableblock
theme: olivero
region: content
weight: -5
provider: null
plugin: draggable_block
settings:
  id: draggable_block
  label: 'Draggable Block'
  label_display: visible
  provider: draggable_form
visibility:
  user_role:
    id: user_role
    negate: false
    context_mapping:
      user: '@user.current_user_context:current_user'
    roles:
      administrator: administrator
